
Microsoft Visual Studio Solution File, Format Version 12.00
# Visual Studio Version 16
VisualStudioVersion = 16.0.31402.337
MinimumVisualStudioVersion = 10.0.40219.1
Project("{FAE04EC0-301F-11D3-BF4B-00C04F79EFBC}") = "AlkoCompanyNew", "AlkoCompanyNew\AlkoCompanyNew.csproj", "{8F1A42E0-C667-4514-9B75-A217BD2CE1CE}"
EndProject
Project("{2150E333-8FDC-42A3-9474-1A3956D46DE8}") = "Solution Items", "Solution Items", "{C215E734-DA6A-4871-8FD6-24126E25E57E}"
	ProjectSection(SolutionItems) = preProject
		.editorconfig = .editorconfig
	EndProjectSection
EndProject
Global
	GlobalSection(SolutionConfigurationPlatforms) = preSolution
		Debug|Any CPU = Debug|Any CPU
		Release|Any CPU = Release|Any CPU
	EndGlobalSection
	GlobalSection(ProjectConfigurationPlatforms) = postSolution
		{8F1A42E0-C667-4514-9B75-A217BD2CE1CE}.Debug|Any CPU.ActiveCfg = Debug|Any CPU
		{8F1A42E0-C667-4514-9B75-A217BD2CE1CE}.Debug|Any CPU.Build.0 = Debug|Any CPU
		{8F1A42E0-C667-4514-9B75-A217BD2CE1CE}.Release|Any CPU.ActiveCfg = Release|Any CPU
		{8F1A42E0-C667-4514-9B75-A217BD2CE1CE}.Release|Any CPU.Build.0 = Release|Any CPU
	EndGlobalSection
	GlobalSection(SolutionProperties) = preSolution
		HideSolutionNode = FALSE
	EndGlobalSection
	GlobalSection(ExtensibilityGlobals) = postSolution
		SolutionGuid = {950ABE21-54E8-4D90-AF66-99D318743894}
	EndGlobalSection
EndGlobal
